
Microsoft Visual Studio Solution File, Format Version 12.00
# Visual Studio Version 16
VisualStudioVersion = 16.0.28729.10
MinimumVisualStudioVersion = 10.0.40219.1
Project("{FAE04EC0-301F-11D3-BF4B-00C04F79EFBC}") = "loglook", "loglook\loglook.csproj", "{03F5CD12-C194-4EB5-A3A6-F4F652F1DCF2}"
EndProject
Project("{FAE04EC0-301F-11D3-BF4B-00C04F79EFBC}") = "Model", "Model\Model.csproj", "{E261FA84-965C-4209-AD27-D4B969CEB12E}"
EndProject
Project("{FAE04EC0-301F-11D3-BF4B-00C04F79EFBC}") = "View", "View\View.csproj", "{803C3BEC-6BAD-4825-838F-0B34D994955F}"
EndProject
Project("{FAE04EC0-301F-11D3-BF4B-00C04F79EFBC}") = "ViewModel", "ViewModel\ViewModel.csproj", "{A0548A0E-A5C2-4FCA-91D0-8A13F164CC1C}"
EndProject
Project("{54435603-DBB4-11D2-8724-00A0C9A8B90C}") = "loglook-installer", "loglook-installer\loglook-installer.vdproj", "{BA086368-D085-4BC0-96C6-B5CDE9936746}"
EndProject
Global
	GlobalSection(SolutionConfigurationPlatforms) = preSolution
		Debug|Any CPU = Debug|Any CPU
		Debug|x86 = Debug|x86
		Release|Any CPU = Release|Any CPU
		Release|x86 = Release|x86
	EndGlobalSection
	GlobalSection(ProjectConfigurationPlatforms) = postSolution
		{03F5CD12-C194-4EB5-A3A6-F4F652F1DCF2}.Debug|Any CPU.ActiveCfg = Debug|Any CPU
		{03F5CD12-C194-4EB5-A3A6-F4F652F1DCF2}.Debug|Any CPU.Build.0 = Debug|Any CPU
		{03F5CD12-C194-4EB5-A3A6-F4F652F1DCF2}.Debug|x86.ActiveCfg = Debug|Any CPU
		{03F5CD12-C194-4EB5-A3A6-F4F652F1DCF2}.Debug|x86.Build.0 = Debug|Any CPU
		{03F5CD12-C194-4EB5-A3A6-F4F652F1DCF2}.Release|Any CPU.ActiveCfg = Release|Any CPU
		{03F5CD12-C194-4EB5-A3A6-F4F652F1DCF2}.Release|Any CPU.Build.0 = Release|Any CPU
		{03F5CD12-C194-4EB5-A3A6-F4F652F1DCF2}.Release|x86.ActiveCfg = Release|Any CPU
		{03F5CD12-C194-4EB5-A3A6-F4F652F1DCF2}.Release|x86.Build.0 = Release|Any CPU
		{E261FA84-965C-4209-AD27-D4B969CEB12E}.Debug|Any CPU.ActiveCfg = Debug|Any CPU
		{E261FA84-965C-4209-AD27-D4B969CEB12E}.Debug|Any CPU.Build.0 = Debug|Any CPU
		{E261FA84-965C-4209-AD27-D4B969CEB12E}.Debug|x86.ActiveCfg = Debug|Any CPU
		{E261FA84-965C-4209-AD27-D4B969CEB12E}.Debug|x86.Build.0 = Debug|Any CPU
		{E261FA84-965C-4209-AD27-D4B969CEB12E}.Release|Any CPU.ActiveCfg = Release|Any CPU
		{E261FA84-965C-4209-AD27-D4B969CEB12E}.Release|Any CPU.Build.0 = Release|Any CPU
		{E261FA84-965C-4209-AD27-D4B969CEB12E}.Release|x86.ActiveCfg = Release|Any CPU
		{E261FA84-965C-4209-AD27-D4B969CEB12E}.Release|x86.Build.0 = Release|Any CPU
		{803C3BEC-6BAD-4825-838F-0B34D994955F}.Debug|Any CPU.ActiveCfg = Debug|Any CPU
		{803C3BEC-6BAD-4825-838F-0B34D994955F}.Debug|Any CPU.Build.0 = Debug|Any CPU
		{803C3BEC-6BAD-4825-838F-0B34D994955F}.Debug|x86.ActiveCfg = Debug|Any CPU
		{803C3BEC-6BAD-4825-838F-0B34D994955F}.Debug|x86.Build.0 = Debug|Any CPU
		{803C3BEC-6BAD-4825-838F-0B34D994955F}.Release|Any CPU.ActiveCfg = Release|Any CPU
		{803C3BEC-6BAD-4825-838F-0B34D994955F}.Release|Any CPU.Build.0 = Release|Any CPU
		{803C3BEC-6BAD-4825-838F-0B34D994955F}.Release|x86.ActiveCfg = Release|Any CPU
		{803C3BEC-6BAD-4825-838F-0B34D994955F}.Release|x86.Build.0 = Release|Any CPU
		{A0548A0E-A5C2-4FCA-91D0-8A13F164CC1C}.Debug|Any CPU.ActiveCfg = Debug|Any CPU
		{A0548A0E-A5C2-4FCA-91D0-8A13F164CC1C}.Debug|Any CPU.Build.0 = Debug|Any CPU
		{A0548A0E-A5C2-4FCA-91D0-8A13F164CC1C}.Debug|x86.ActiveCfg = Debug|Any CPU
		{A0548A0E-A5C2-4FCA-91D0-8A13F164CC1C}.Debug|x86.Build.0 = Debug|Any CPU
		{A0548A0E-A5C2-4FCA-91D0-8A13F164CC1C}.Release|Any CPU.ActiveCfg = Release|Any CPU
		{A0548A0E-A5C2-4FCA-91D0-8A13F164CC1C}.Release|Any CPU.Build.0 = Release|Any CPU
		{A0548A0E-A5C2-4FCA-91D0-8A13F164CC1C}.Release|x86.ActiveCfg = Release|Any CPU
		{A0548A0E-A5C2-4FCA-91D0-8A13F164CC1C}.Release|x86.Build.0 = Release|Any CPU
		{BA086368-D085-4BC0-96C6-B5CDE9936746}.Debug|Any CPU.ActiveCfg = Debug
		{BA086368-D085-4BC0-96C6-B5CDE9936746}.Debug|x86.ActiveCfg = Debug
		{BA086368-D085-4BC0-96C6-B5CDE9936746}.Debug|x86.Build.0 = Debug
		{BA086368-D085-4BC0-96C6-B5CDE9936746}.Release|Any CPU.ActiveCfg = Release
		{BA086368-D085-4BC0-96C6-B5CDE9936746}.Release|Any CPU.Build.0 = Release
		{BA086368-D085-4BC0-96C6-B5CDE9936746}.Release|x86.ActiveCfg = Release
		{BA086368-D085-4BC0-96C6-B5CDE9936746}.Release|x86.Build.0 = Release
	EndGlobalSection
	GlobalSection(SolutionProperties) = preSolution
		HideSolutionNode = FALSE
	EndGlobalSection
	GlobalSection(ExtensibilityGlobals) = postSolution
		SolutionGuid = {05E4D5E4-49E6-4FF4-9412-7FFAEC4FB66F}
	EndGlobalSection
EndGlobal
